// !$*UTF8*$!
{
	archiveVersion = 1;
	classes = {
	};
	objectVersion = 46;
	objects = {

/* Begin PBXBuildFile section */
		AA25A5911E83397E004097AC /* main.m in Sources */ = {isa = PBXBuildFile; fileRef = AA25A5901E83397E004097AC /* main.m */; };
		AA25A5941E83397E004097AC /* AppDelegate.m in Sources */ = {isa = PBXBuildFile; fileRef = AA25A5931E83397E004097AC /* AppDelegate.m */; };
		AA25A59A1E83397E004097AC /* Main.storyboard in Resources */ = {isa = PBXBuildFile; fileRef = AA25A5981E83397E004097AC /* Main.storyboard */; };
		AA25A59C1E83397E004097AC /* Assets.xcassets in Resources */ = {isa = PBXBuildFile; fileRef = AA25A59B1E83397E004097AC /* Assets.xcassets */; };
		AA25A59F1E83397E004097AC /* LaunchScreen.storyboard in Resources */ = {isa = PBXBuildFile; fileRef = AA25A59D1E83397E004097AC /* LaunchScreen.storyboard */; };
		AA25A5A81E833C01004097AC /* ProgramsTableViewController.m in Sources */ = {isa = PBXBuildFile; fileRef = AA25A5A71E833C01004097AC /* ProgramsTableViewController.m */; };
		AA25A5AC1E833C49004097AC /* ProgramTableViewCell.m in Sources */ = {isa = PBXBuildFile; fileRef = AA25A5AB1E833C49004097AC /* ProgramTableViewCell.m */; };
		AA25A5B01E833C94004097AC /* OllTvDemo.m in Sources */ = {isa = PBXBuildFile; fileRef = AA25A5AF1E833C94004097AC /* OllTvDemo.m */; };
		AA25A5B41E835C07004097AC /* UIScrollView+BottomRefreshControl.m in Sources */ = {isa = PBXBuildFile; fileRef = AA25A5B31E835C07004097AC /* UIScrollView+BottomRefreshControl.m */; };
/* End PBXBuildFile section */

/* Begin PBXFileReference section */
		AA25A58C1E83397E004097AC /* DS Test App.app */ = {isa = PBXFileReference; explicitFileType = wrapper.application; includeInIndex = 0; path = "DS Test App.app"; sourceTree = BUILT_PRODUCTS_DIR; };
		AA25A5901E83397E004097AC /* main.m */ = {isa = PBXFileReference; lastKnownFileType = sourcecode.c.objc; path = main.m; sourceTree = "<group>"; };
		AA25A5921E83397E004097AC /* AppDelegate.h */ = {isa = PBXFileReference; lastKnownFileType = sourcecode.c.h; path = AppDelegate.h; sourceTree = "<group>"; };
		AA25A5931E83397E004097AC /* AppDelegate.m */ = {isa = PBXFileReference; lastKnownFileType = sourcecode.c.objc; path = AppDelegate.m; sourceTree = "<group>"; };
		AA25A5991E83397E004097AC /* Base */ = {isa = PBXFileReference; lastKnownFileType = file.storyboard; name = Base; path = Base.lproj/Main.storyboard; sourceTree = "<group>"; };
		AA25A59B1E83397E004097AC /* Assets.xcassets */ = {isa = PBXFileReference; lastKnownFileType = folder.assetcatalog; path = Assets.xcassets; sourceTree = "<group>"; };
		AA25A59E1E83397E004097AC /* Base */ = {isa = PBXFileReference; lastKnownFileType = file.storyboard; name = Base; path = Base.lproj/LaunchScreen.storyboard; sourceTree = "<group>"; };
		AA25A5A01E83397E004097AC /* Info.plist */ = {isa = PBXFileReference; lastKnownFileType = text.plist.xml; path = Info.plist; sourceTree = "<group>"; };
		AA25A5A61E833C01004097AC /* ProgramsTableViewController.h */ = {isa = PBXFileReference; fileEncoding = 4; lastKnownFileType = sourcecode.c.h; path = ProgramsTableViewController.h; sourceTree = "<group>"; };
		AA25A5A71E833C01004097AC /* ProgramsTableViewController.m */ = {isa = PBXFileReference; fileEncoding = 4; lastKnownFileType = sourcecode.c.objc; path = ProgramsTableViewController.m; sourceTree = "<group>"; };
		AA25A5AA1E833C49004097AC /* ProgramTableViewCell.h */ = {isa = PBXFileReference; fileEncoding = 4; lastKnownFileType = sourcecode.c.h; path = ProgramTableViewCell.h; sourceTree = "<group>"; };
		AA25A5AB1E833C49004097AC /* ProgramTableViewCell.m */ = {isa = PBXFileReference; fileEncoding = 4; lastKnownFileType = sourcecode.c.objc; path = ProgramTableViewCell.m; sourceTree = "<group>"; };
		AA25A5AE1E833C94004097AC /* OllTvDemo.h */ = {isa = PBXFileReference; fileEncoding = 4; lastKnownFileType = sourcecode.c.h; path = OllTvDemo.h; sourceTree = "<group>"; };
		AA25A5AF1E833C94004097AC /* OllTvDemo.m */ = {isa = PBXFileReference; fileEncoding = 4; lastKnownFileType = sourcecode.c.objc; path = OllTvDemo.m; sourceTree = "<group>"; };
		AA25A5B21E835C07004097AC /* UIScrollView+BottomRefreshControl.h */ = {isa = PBXFileReference; fileEncoding = 4; lastKnownFileType = sourcecode.c.h; path = "UIScrollView+BottomRefreshControl.h"; sourceTree = "<group>"; };
		AA25A5B31E835C07004097AC /* UIScrollView+BottomRefreshControl.m */ = {isa = PBXFileReference; fileEncoding = 4; lastKnownFileType = sourcecode.c.objc; path = "UIScrollView+BottomRefreshControl.m"; sourceTree = "<group>"; };
/* End PBXFileReference section */

/* Begin PBXFrameworksBuildPhase section */
		AA25A5891E83397E004097AC /* Frameworks */ = {
			isa = PBXFrameworksBuildPhase;
			buildActionMask = 2147483647;
			files = (
			);
			runOnlyForDeploymentPostprocessing = 0;
		};
/* End PBXFrameworksBuildPhase section */

/* Begin PBXGroup section */
		AA25A5831E83397E004097AC = {
			isa = PBXGroup;
			children = (
				AA25A58E1E83397E004097AC /* DS Test App */,
				AA25A58D1E83397E004097AC /* Products */,
			);
			sourceTree = "<group>";
		};
		AA25A58D1E83397E004097AC /* Products */ = {
			isa = PBXGroup;
			children = (
				AA25A58C1E83397E004097AC /* DS Test App.app */,
			);
			name = Products;
			sourceTree = "<group>";
		};
		AA25A58E1E83397E004097AC /* DS Test App */ = {
			isa = PBXGroup;
			children = (
				AA25A5921E83397E004097AC /* AppDelegate.h */,
				AA25A5931E83397E004097AC /* AppDelegate.m */,
				AA25A5B51E835C0C004097AC /* RefreshControl */,
				AA25A5B11E833C9A004097AC /* Common */,
				AA25A5AD1E833C53004097AC /* Cell */,
				AA25A5A91E833C27004097AC /* ViewController */,
				AA25A5981E83397E004097AC /* Main.storyboard */,
				AA25A59B1E83397E004097AC /* Assets.xcassets */,
				AA25A59D1E83397E004097AC /* LaunchScreen.storyboard */,
				AA25A5A01E83397E004097AC /* Info.plist */,
				AA25A58F1E83397E004097AC /* Supporting Files */,
			);
			path = "DS Test App";
			sourceTree = "<group>";
		};
		AA25A58F1E83397E004097AC /* Supporting Files */ = {
			isa = PBXGroup;
			children = (
				AA25A5901E83397E004097AC /* main.m */,
			);
			name = "Supporting Files";
			sourceTree = "<group>";
		};
		AA25A5A91E833C27004097AC /* ViewController */ = {
			isa = PBXGroup;
			children = (
				AA25A5A61E833C01004097AC /* ProgramsTableViewController.h */,
				AA25A5A71E833C01004097AC /* ProgramsTableViewController.m */,
			);
			name = ViewController;
			sourceTree = "<group>";
		};
		AA25A5AD1E833C53004097AC /* Cell */ = {
			isa = PBXGroup;
			children = (
				AA25A5AA1E833C49004097AC /* ProgramTableViewCell.h */,
				AA25A5AB1E833C49004097AC /* ProgramTableViewCell.m */,
			);
			name = Cell;
			sourceTree = "<group>";
		};
		AA25A5B11E833C9A004097AC /* Common */ = {
			isa = PBXGroup;
			children = (
				AA25A5AE1E833C94004097AC /* OllTvDemo.h */,
				AA25A5AF1E833C94004097AC /* OllTvDemo.m */,
			);
			name = Common;
			sourceTree = "<group>";
		};
		AA25A5B51E835C0C004097AC /* RefreshControl */ = {
			isa = PBXGroup;
			children = (
				AA25A5B21E835C07004097AC /* UIScrollView+BottomRefreshControl.h */,
				AA25A5B31E835C07004097AC /* UIScrollView+BottomRefreshControl.m */,
			);
			name = RefreshControl;
			sourceTree = "<group>";
		};
/* End PBXGroup section */

/* Begin PBXNativeTarget section */
		AA25A58B1E83397E004097AC /* DS Test App */ = {
			isa = PBXNativeTarget;
			buildConfigurationList = AA25A5A31E83397E004097AC /* Build configuration list for PBXNativeTarget "DS Test App" */;
			buildPhases = (
				AA25A5881E83397E004097AC /* Sources */,
				AA25A5891E83397E004097AC /* Frameworks */,
				AA25A58A1E83397E004097AC /* Resources */,
			);
			buildRules = (
			);
			dependencies = (
			);
			name = "DS Test App";
			productName = "DS Test App";
			productReference = AA25A58C1E83397E004097AC /* DS Test App.app */;
			productType = "com.apple.product-type.application";
		};
/* End PBXNativeTarget section */

/* Begin PBXProject section */
		AA25A5841E83397E004097AC /* Project object */ = {
			isa = PBXProject;
			attributes = {
				LastUpgradeCheck = 0820;
				ORGANIZATIONNAME = "Test Name";
				TargetAttributes = {
					AA25A58B1E83397E004097AC = {
						CreatedOnToolsVersion = 8.2.1;
						DevelopmentTeam = D4SGC8ZBKU;
						ProvisioningStyle = Automatic;
					};
				};
			};
			buildConfigurationList = AA25A5871E83397E004097AC /* Build configuration list for PBXProject "DS Test App" */;
			compatibilityVersion = "Xcode 3.2";
			developmentRegion = English;
			hasScannedForEncodings = 0;
			knownRegions = (
				en,
				Base,
			);
			mainGroup = AA25A5831E83397E004097AC;
			productRefGroup = AA25A58D1E83397E004097AC /* Products */;
			projectDirPath = "";
			projectRoot = "";
			targets = (
				AA25A58B1E83397E004097AC /* DS Test App */,
			);
		};
/* End PBXProject section */

/* Begin PBXResourcesBuildPhase section */
		AA25A58A1E83397E004097AC /* Resources */ = {
			isa = PBXResourcesBuildPhase;
			buildActionMask = 2147483647;
			files = (
				AA25A59F1E83397E004097AC /* LaunchScreen.storyboard in Resources */,
				AA25A59C1E83397E004097AC /* Assets.xcassets in Resources */,
				AA25A59A1E83397E004097AC /* Main.storyboard in Resources */,
			);
			runOnlyForDeploymentPostprocessing = 0;
		};
/* End PBXResourcesBuildPhase section */

/* Begin PBXSourcesBuildPhase section */
		AA25A5881E83397E004097AC /* Sources */ = {
			isa = PBXSourcesBuildPhase;
			buildActionMask = 2147483647;
			files = (
				AA25A5B41E835C07004097AC /* UIScrollView+BottomRefreshControl.m in Sources */,
				AA25A5B01E833C94004097AC /* OllTvDemo.m in Sources */,
				AA25A5AC1E833C49004097AC /* ProgramTableViewCell.m in Sources */,
				AA25A5941E83397E004097AC /* AppDelegate.m in Sources */,
				AA25A5A81E833C01004097AC /* ProgramsTableViewController.m in Sources */,
				AA25A5911E83397E004097AC /* main.m in Sources */,
			);
			runOnlyForDeploymentPostprocessing = 0;
		};
/* End PBXSourcesBuildPhase section */

/* Begin PBXVariantGroup section */
		AA25A5981E83397E004097AC /* Main.storyboard */ = {
			isa = PBXVariantGroup;
			children = (
				AA25A5991E83397E004097AC /* Base */,
			);
			name = Main.storyboard;
			sourceTree = "<group>";
		};
		AA25A59D1E83397E004097AC /* LaunchScreen.storyboard */ = {
			isa = PBXVariantGroup;
			children = (
				AA25A59E1E83397E004097AC /* Base */,
			);
			name = LaunchScreen.storyboard;
			sourceTree = "<group>";
		};
/* End PBXVariantGroup section */

/* Begin XCBuildConfiguration section */
		AA25A5A11E83397E004097AC /* Debug */ = {
			isa = XCBuildConfiguration;
			buildSettings = {
				ALWAYS_SEARCH_USER_PATHS = NO;
				CLANG_ANALYZER_NONNULL = YES;
				CLANG_CXX_LANGUAGE_STANDARD = "gnu++0x";
				CLANG_CXX_LIBRARY = "libc++";
				CLANG_ENABLE_MODULES = YES;
				CLANG_ENABLE_OBJC_ARC = YES;
				CLANG_WARN_BOOL_CONVERSION = YES;
				CLANG_WARN_CONSTANT_CONVERSION = YES;
				CLANG_WARN_DIRECT_OBJC_ISA_USAGE = YES_ERROR;
				CLANG_WARN_DOCUMENTATION_COMMENTS = YES;
				CLANG_WARN_EMPTY_BODY = YES;
				CLANG_WARN_ENUM_CONVERSION = YES;
				CLANG_WARN_INFINITE_RECURSION = YES;
				CLANG_WARN_INT_CONVERSION = YES;
				CLANG_WARN_OBJC_ROOT_CLASS = YES_ERROR;
				CLANG_WARN_SUSPICIOUS_MOVE = YES;
				CLANG_WARN_UNREACHABLE_CODE = YES;
				CLANG_WARN__DUPLICATE_METHOD_MATCH = YES;
				"CODE_SIGN_IDENTITY[sdk=iphoneos*]" = "iPhone Developer";
				COPY_PHASE_STRIP = NO;
				DEBUG_INFORMATION_FORMAT = dwarf;
				ENABLE_STRICT_OBJC_MSGSEND = YES;
				ENABLE_TESTABILITY = YES;
				GCC_C_LANGUAGE_STANDARD = gnu99;
				GCC_DYNAMIC_NO_PIC = NO;
				GCC_NO_COMMON_BLOCKS = YES;
				GCC_OPTIMIZATION_LEVEL = 0;
				GCC_PREPROCESSOR_DEFINITIONS = (
					"DEBUG=1",
					"$(inherited)",
				);
				GCC_WARN_64_TO_32_BIT_CONVERSION = YES;
				GCC_WARN_ABOUT_RETURN_TYPE = YES_ERROR;
				GCC_WARN_UNDECLARED_SELECTOR = YES;
				GCC_WARN_UNINITIALIZED_AUTOS = YES_AGGRESSIVE;
				GCC_WARN_UNUSED_FUNCTION = YES;
				GCC_WARN_UNUSED_VARIABLE = YES;
				IPHONEOS_DEPLOYMENT_TARGET = 10.2;
				MTL_ENABLE_DEBUG_INFO = YES;
				ONLY_ACTIVE_ARCH = YES;
				SDKROOT = iphoneos;
			};
			name = Debug;
		};
		AA25A5A21E83397E004097AC /* Release */ = {
			isa = XCBuildConfiguration;
			buildSettings = {
				ALWAYS_SEARCH_USER_PATHS = NO;
				CLANG_ANALYZER_NONNULL = YES;
				CLANG_CXX_LANGUAGE_STANDARD = "gnu++0x";
				CLANG_CXX_LIBRARY = "libc++";
				CLANG_ENABLE_MODULES = YES;
				CLANG_ENABLE_OBJC_ARC = YES;
				CLANG_WARN_BOOL_CONVERSION = YES;
				CLANG_WARN_CONSTANT_CONVERSION = YES;
				CLANG_WARN_DIRECT_OBJC_ISA_USAGE = YES_ERROR;
				CLANG_WARN_DOCUMENTATION_COMMENTS = YES;
				CLANG_WARN_EMPTY_BODY = YES;
				CLANG_WARN_ENUM_CONVERSION = YES;
				CLANG_WARN_INFINITE_RECURSION = YES;
				CLANG_WARN_INT_CONVERSION = YES;
				CLANG_WARN_OBJC_ROOT_CLASS = YES_ERROR;
				CLANG_WARN_SUSPICIOUS_MOVE = YES;
				CLANG_WARN_UNREACHABLE_CODE = YES;
				CLANG_WARN__DUPLICATE_METHOD_MATCH = YES;
				"CODE_SIGN_IDENTITY[sdk=iphoneos*]" = "iPhone Developer";
				COPY_PHASE_STRIP = NO;
				DEBUG_INFORMATION_FORMAT = "dwarf-with-dsym";
				ENABLE_NS_ASSERTIONS = NO;
				ENABLE_STRICT_OBJC_MSGSEND = YES;
				GCC_C_LANGUAGE_STANDARD = gnu99;
				GCC_NO_COMMON_BLOCKS = YES;
				GCC_WARN_64_TO_32_BIT_CONVERSION = YES;
				GCC_WARN_ABOUT_RETURN_TYPE = YES_ERROR;
				GCC_WARN_UNDECLARED_SELECTOR = YES;
				GCC_WARN_UNINITIALIZED_AUTOS = YES_AGGRESSIVE;
				GCC_WARN_UNUSED_FUNCTION = YES;
				GCC_WARN_UNUSED_VARIABLE = YES;
				IPHONEOS_DEPLOYMENT_TARGET = 10.2;
				MTL_ENABLE_DEBUG_INFO = NO;
				SDKROOT = iphoneos;
				VALIDATE_PRODUCT = YES;
			};
			name = Release;
		};
		AA25A5A41E83397E004097AC /* Debug */ = {
			isa = XCBuildConfiguration;
			buildSettings = {
				ASSETCATALOG_COMPILER_APPICON_NAME = AppIcon;
				DEVELOPMENT_TEAM = D4SGC8ZBKU;
				INFOPLIST_FILE = "DS Test App/Info.plist";
				IPHONEOS_DEPLOYMENT_TARGET = 8.0;
				LD_RUNPATH_SEARCH_PATHS = "$(inherited) @executable_path/Frameworks";
				PRODUCT_BUNDLE_IDENTIFIER = "GT.DS-Test-App";
				PRODUCT_NAME = "$(TARGET_NAME)";
			};
			name = Debug;
		};
		AA25A5A51E83397E004097AC /* Release */ = {
			isa = XCBuildConfiguration;
			buildSettings = {
				ASSETCATALOG_COMPILER_APPICON_NAME = AppIcon;
				DEVELOPMENT_TEAM = D4SGC8ZBKU;
				INFOPLIST_FILE = "DS Test App/Info.plist";
				IPHONEOS_DEPLOYMENT_TARGET = 8.0;
				LD_RUNPATH_SEARCH_PATHS = "$(inherited) @executable_path/Frameworks";
				PRODUCT_BUNDLE_IDENTIFIER = "GT.DS-Test-App";
				PRODUCT_NAME = "$(TARGET_NAME)";
			};
			name = Release;
		};
/* End XCBuildConfiguration section */

/* Begin XCConfigurationList section */
		AA25A5871E83397E004097AC /* Build configuration list for PBXProject "DS Test App" */ = {
			isa = XCConfigurationList;
			buildConfigurations = (
				AA25A5A11E83397E004097AC /* Debug */,
				AA25A5A21E83397E004097AC /* Release */,
			);
			defaultConfigurationIsVisible = 0;
			defaultConfigurationName = Release;
		};
		AA25A5A31E83397E004097AC /* Build configuration list for PBXNativeTarget "DS Test App" */ = {
			isa = XCConfigurationList;
			buildConfigurations = (
				AA25A5A41E83397E004097AC /* Debug */,
				AA25A5A51E83397E004097AC /* Release */,
			);
			defaultConfigurationIsVisible = 0;
		};
/* End XCConfigurationList section */
	};
	rootObject = AA25A5841E83397E004097AC /* Project object */;
}
